
Microsoft Visual Studio Solution File, Format Version 12.00
# Visual Studio Version 17
VisualStudioVersion = 17.9.34310.174
MinimumVisualStudioVersion = 10.0.40219.1
Project("{FAE04EC0-301F-11D3-BF4B-00C04F79EFBC}") = "TokenAuthSwagger.api", "TokenAuthSwagger.api\TokenAuthSwagger.api.csproj", "{23062769-BF3F-4CAF-924B-B16ED955A70E}"
EndProject
Global
	GlobalSection(SolutionConfigurationPlatforms) = preSolution
		Debug|Any CPU = Debug|Any CPU
		Release|Any CPU = Release|Any CPU
	EndGlobalSection
	GlobalSection(ProjectConfigurationPlatforms) = postSolution
		{23062769-BF3F-4CAF-924B-B16ED955A70E}.Debug|Any CPU.ActiveCfg = Debug|Any CPU
		{23062769-BF3F-4CAF-924B-B16ED955A70E}.Debug|Any CPU.Build.0 = Debug|Any CPU
		{23062769-BF3F-4CAF-924B-B16ED955A70E}.Release|Any CPU.ActiveCfg = Release|Any CPU
		{23062769-BF3F-4CAF-924B-B16ED955A70E}.Release|Any CPU.Build.0 = Release|Any CPU
	EndGlobalSection
	GlobalSection(SolutionProperties) = preSolution
		HideSolutionNode = FALSE
	EndGlobalSection
	GlobalSection(ExtensibilityGlobals) = postSolution
		SolutionGuid = {FB2E6A17-1BBE-4285-A35E-EA0B346AE092}
	EndGlobalSection
EndGlobal
